
Microsoft Visual Studio Solution File, Format Version 12.00
# Visual Studio Version 16
VisualStudioVersion = 16.0.31019.35
MinimumVisualStudioVersion = 10.0.40219.1
Project("{FAE04EC0-301F-11D3-BF4B-00C04F79EFBC}") = "lab_1-2", "lab-1\lab_1-2.csproj", "{28CF5F6B-1C0B-4233-9FE7-7D95A2132644}"
EndProject
Global
	GlobalSection(SolutionConfigurationPlatforms) = preSolution
		Debug|Any CPU = Debug|Any CPU
		Release|Any CPU = Release|Any CPU
	EndGlobalSection
	GlobalSection(ProjectConfigurationPlatforms) = postSolution
		{28CF5F6B-1C0B-4233-9FE7-7D95A2132644}.Debug|Any CPU.ActiveCfg = Debug|Any CPU
		{28CF5F6B-1C0B-4233-9FE7-7D95A2132644}.Debug|Any CPU.Build.0 = Debug|Any CPU
		{28CF5F6B-1C0B-4233-9FE7-7D95A2132644}.Release|Any CPU.ActiveCfg = Release|Any CPU
		{28CF5F6B-1C0B-4233-9FE7-7D95A2132644}.Release|Any CPU.Build.0 = Release|Any CPU
	EndGlobalSection
	GlobalSection(SolutionProperties) = preSolution
		HideSolutionNode = FALSE
	EndGlobalSection
	GlobalSection(ExtensibilityGlobals) = postSolution
		SolutionGuid = {27F17EB6-BCBA-4562-8CE8-D2D01B3048E3}
	EndGlobalSection
EndGlobal
